
Microsoft Visual Studio Solution File, Format Version 12.00
# Visual Studio Version 17
VisualStudioVersion = 17.2.32519.379
MinimumVisualStudioVersion = 10.0.40219.1
Project("{FAE04EC0-301F-11D3-BF4B-00C04F79EFBC}") = "IsimSehirHayvan", "IsimSehirHayvan\IsimSehirHayvan.csproj", "{7927F104-FFC1-425C-9154-2E1A51B6C6BE}"
EndProject
Global
	GlobalSection(SolutionConfigurationPlatforms) = preSolution
		Debug|Any CPU = Debug|Any CPU
		Release|Any CPU = Release|Any CPU
	EndGlobalSection
	GlobalSection(ProjectConfigurationPlatforms) = postSolution
		{7927F104-FFC1-425C-9154-2E1A51B6C6BE}.Debug|Any CPU.ActiveCfg = Debug|Any CPU
		{7927F104-FFC1-425C-9154-2E1A51B6C6BE}.Debug|Any CPU.Build.0 = Debug|Any CPU
		{7927F104-FFC1-425C-9154-2E1A51B6C6BE}.Release|Any CPU.ActiveCfg = Release|Any CPU
		{7927F104-FFC1-425C-9154-2E1A51B6C6BE}.Release|Any CPU.Build.0 = Release|Any CPU
	EndGlobalSection
	GlobalSection(SolutionProperties) = preSolution
		HideSolutionNode = FALSE
	EndGlobalSection
	GlobalSection(ExtensibilityGlobals) = postSolution
		SolutionGuid = {92B6A853-5E5C-443C-A179-60555CD05B63}
	EndGlobalSection
EndGlobal
